
Microsoft Visual Studio Solution File, Format Version 12.00
# Visual Studio Version 16
VisualStudioVersion = 16.0.29728.190
MinimumVisualStudioVersion = 10.0.40219.1
Project("{FAE04EC0-301F-11D3-BF4B-00C04F79EFBC}") = "microSGE", "microSGE.csproj", "{EDFF0661-F38D-405F-8618-070BF3E7237D}"
EndProject
Global
	GlobalSection(SolutionConfigurationPlatforms) = preSolution
		Debug|Any CPU = Debug|Any CPU
		Release|Any CPU = Release|Any CPU
	EndGlobalSection
	GlobalSection(ProjectConfigurationPlatforms) = postSolution
		{EDFF0661-F38D-405F-8618-070BF3E7237D}.Debug|Any CPU.ActiveCfg = Debug|Any CPU
		{EDFF0661-F38D-405F-8618-070BF3E7237D}.Debug|Any CPU.Build.0 = Debug|Any CPU
		{EDFF0661-F38D-405F-8618-070BF3E7237D}.Release|Any CPU.ActiveCfg = Release|Any CPU
		{EDFF0661-F38D-405F-8618-070BF3E7237D}.Release|Any CPU.Build.0 = Release|Any CPU
	EndGlobalSection
	GlobalSection(SolutionProperties) = preSolution
		HideSolutionNode = FALSE
	EndGlobalSection
	GlobalSection(ExtensibilityGlobals) = postSolution
		SolutionGuid = {775C5E75-8DD6-4D9C-9B38-E2426CAE49D7}
	EndGlobalSection
EndGlobal
